
Microsoft Visual Studio Solution File, Format Version 12.00
# Visual Studio Version 17
VisualStudioVersion = 17.4.33205.214
MinimumVisualStudioVersion = 10.0.40219.1
Project("{FAE04EC0-301F-11D3-BF4B-00C04F79EFBC}") = "Minesweeper", "Minesweeper\Minesweeper.csproj", "{F59A7AB4-D7A0-4515-88DE-B490E6F5DCCC}"
EndProject
Project("{FAE04EC0-301F-11D3-BF4B-00C04F79EFBC}") = "WPF-Minesweeper", "WPF-Minesweeper\WPF-Minesweeper.csproj", "{64C11A13-979C-4152-92EA-014F5FF69886}"
EndProject
Project("{FAE04EC0-301F-11D3-BF4B-00C04F79EFBC}") = "Minesweeper-Test", "Minesweeper-Test\Minesweeper-Test.csproj", "{ADF9193D-2106-4D8E-81C2-E8F5F9543EEE}"
EndProject
Global
	GlobalSection(SolutionConfigurationPlatforms) = preSolution
		Debug|Any CPU = Debug|Any CPU
		Release|Any CPU = Release|Any CPU
	EndGlobalSection
	GlobalSection(ProjectConfigurationPlatforms) = postSolution
		{F59A7AB4-D7A0-4515-88DE-B490E6F5DCCC}.Debug|Any CPU.ActiveCfg = Debug|Any CPU
		{F59A7AB4-D7A0-4515-88DE-B490E6F5DCCC}.Debug|Any CPU.Build.0 = Debug|Any CPU
		{F59A7AB4-D7A0-4515-88DE-B490E6F5DCCC}.Release|Any CPU.ActiveCfg = Release|Any CPU
		{F59A7AB4-D7A0-4515-88DE-B490E6F5DCCC}.Release|Any CPU.Build.0 = Release|Any CPU
		{64C11A13-979C-4152-92EA-014F5FF69886}.Debug|Any CPU.ActiveCfg = Debug|Any CPU
		{64C11A13-979C-4152-92EA-014F5FF69886}.Debug|Any CPU.Build.0 = Debug|Any CPU
		{64C11A13-979C-4152-92EA-014F5FF69886}.Release|Any CPU.ActiveCfg = Release|Any CPU
		{64C11A13-979C-4152-92EA-014F5FF69886}.Release|Any CPU.Build.0 = Release|Any CPU
		{ADF9193D-2106-4D8E-81C2-E8F5F9543EEE}.Debug|Any CPU.ActiveCfg = Debug|Any CPU
		{ADF9193D-2106-4D8E-81C2-E8F5F9543EEE}.Debug|Any CPU.Build.0 = Debug|Any CPU
		{ADF9193D-2106-4D8E-81C2-E8F5F9543EEE}.Release|Any CPU.ActiveCfg = Release|Any CPU
		{ADF9193D-2106-4D8E-81C2-E8F5F9543EEE}.Release|Any CPU.Build.0 = Release|Any CPU
	EndGlobalSection
	GlobalSection(SolutionProperties) = preSolution
		HideSolutionNode = FALSE
	EndGlobalSection
	GlobalSection(ExtensibilityGlobals) = postSolution
		SolutionGuid = {F38E2A1B-E06E-4DEB-80AF-D213F99B4A5C}
	EndGlobalSection
EndGlobal
