
Microsoft Visual Studio Solution File, Format Version 12.00
# Visual Studio Version 17
VisualStudioVersion = 17.4.33205.214
MinimumVisualStudioVersion = 10.0.40219.1
Project("{9A19103F-16F7-4668-BE54-9A1E7A4F7556}") = "MSW-Library", "MSW-Library\MSW-Library.csproj", "{938E33B6-E05D-48D7-ADEE-850FD6A788A6}"
EndProject
Project("{9A19103F-16F7-4668-BE54-9A1E7A4F7556}") = "MSW-WPFApp", "MSW-WPFApp\MSW-WPFApp.csproj", "{FBA87D3D-06F9-4EFC-9D3F-F78C29815BD2}"
EndProject
Global
	GlobalSection(SolutionConfigurationPlatforms) = preSolution
		Debug|Any CPU = Debug|Any CPU
		Release|Any CPU = Release|Any CPU
	EndGlobalSection
	GlobalSection(ProjectConfigurationPlatforms) = postSolution
		{938E33B6-E05D-48D7-ADEE-850FD6A788A6}.Debug|Any CPU.ActiveCfg = Debug|Any CPU
		{938E33B6-E05D-48D7-ADEE-850FD6A788A6}.Debug|Any CPU.Build.0 = Debug|Any CPU
		{938E33B6-E05D-48D7-ADEE-850FD6A788A6}.Release|Any CPU.ActiveCfg = Release|Any CPU
		{938E33B6-E05D-48D7-ADEE-850FD6A788A6}.Release|Any CPU.Build.0 = Release|Any CPU
		{FBA87D3D-06F9-4EFC-9D3F-F78C29815BD2}.Debug|Any CPU.ActiveCfg = Debug|Any CPU
		{FBA87D3D-06F9-4EFC-9D3F-F78C29815BD2}.Debug|Any CPU.Build.0 = Debug|Any CPU
		{FBA87D3D-06F9-4EFC-9D3F-F78C29815BD2}.Release|Any CPU.ActiveCfg = Release|Any CPU
		{FBA87D3D-06F9-4EFC-9D3F-F78C29815BD2}.Release|Any CPU.Build.0 = Release|Any CPU
	EndGlobalSection
	GlobalSection(SolutionProperties) = preSolution
		HideSolutionNode = FALSE
	EndGlobalSection
	GlobalSection(ExtensibilityGlobals) = postSolution
		SolutionGuid = {F38E2A1B-E06E-4DEB-80AF-D213F99B4A5C}
	EndGlobalSection
EndGlobal
